
Microsoft Visual Studio Solution File, Format Version 12.00
# Visual Studio 15
VisualStudioVersion = 15.0.26124.0
MinimumVisualStudioVersion = 15.0.26124.0
Project("{FAE04EC0-301F-11D3-BF4B-00C04F79EFBC}") = "MiCakes.API", "MiCakes.API\MiCakes.API.csproj", "{BAC4B02E-0ED7-498D-8F59-88D08E46A0E0}"
EndProject
Project("{FAE04EC0-301F-11D3-BF4B-00C04F79EFBC}") = "Core", "Core\Core.csproj", "{A647A616-BDBE-47E4-8D8C-E03BB22ADAB3}"
EndProject
Project("{FAE04EC0-301F-11D3-BF4B-00C04F79EFBC}") = "Infrastructure", "Infrastructure\Infrastructure.csproj", "{B6595EC2-61AF-4EA8-8BAB-8EADDB1D1EF7}"
EndProject
Global
	GlobalSection(SolutionConfigurationPlatforms) = preSolution
		Debug|Any CPU = Debug|Any CPU
		Debug|x64 = Debug|x64
		Debug|x86 = Debug|x86
		Release|Any CPU = Release|Any CPU
		Release|x64 = Release|x64
		Release|x86 = Release|x86
	EndGlobalSection
	GlobalSection(SolutionProperties) = preSolution
		HideSolutionNode = FALSE
	EndGlobalSection
	GlobalSection(ProjectConfigurationPlatforms) = postSolution
		{BAC4B02E-0ED7-498D-8F59-88D08E46A0E0}.Debug|Any CPU.ActiveCfg = Debug|Any CPU
		{BAC4B02E-0ED7-498D-8F59-88D08E46A0E0}.Debug|Any CPU.Build.0 = Debug|Any CPU
		{BAC4B02E-0ED7-498D-8F59-88D08E46A0E0}.Debug|x64.ActiveCfg = Debug|Any CPU
		{BAC4B02E-0ED7-498D-8F59-88D08E46A0E0}.Debug|x64.Build.0 = Debug|Any CPU
		{BAC4B02E-0ED7-498D-8F59-88D08E46A0E0}.Debug|x86.ActiveCfg = Debug|Any CPU
		{BAC4B02E-0ED7-498D-8F59-88D08E46A0E0}.Debug|x86.Build.0 = Debug|Any CPU
		{BAC4B02E-0ED7-498D-8F59-88D08E46A0E0}.Release|Any CPU.ActiveCfg = Release|Any CPU
		{BAC4B02E-0ED7-498D-8F59-88D08E46A0E0}.Release|Any CPU.Build.0 = Release|Any CPU
		{BAC4B02E-0ED7-498D-8F59-88D08E46A0E0}.Release|x64.ActiveCfg = Release|Any CPU
		{BAC4B02E-0ED7-498D-8F59-88D08E46A0E0}.Release|x64.Build.0 = Release|Any CPU
		{BAC4B02E-0ED7-498D-8F59-88D08E46A0E0}.Release|x86.ActiveCfg = Release|Any CPU
		{BAC4B02E-0ED7-498D-8F59-88D08E46A0E0}.Release|x86.Build.0 = Release|Any CPU
		{A647A616-BDBE-47E4-8D8C-E03BB22ADAB3}.Debug|Any CPU.ActiveCfg = Debug|Any CPU
		{A647A616-BDBE-47E4-8D8C-E03BB22ADAB3}.Debug|Any CPU.Build.0 = Debug|Any CPU
		{A647A616-BDBE-47E4-8D8C-E03BB22ADAB3}.Debug|x64.ActiveCfg = Debug|Any CPU
		{A647A616-BDBE-47E4-8D8C-E03BB22ADAB3}.Debug|x64.Build.0 = Debug|Any CPU
		{A647A616-BDBE-47E4-8D8C-E03BB22ADAB3}.Debug|x86.ActiveCfg = Debug|Any CPU
		{A647A616-BDBE-47E4-8D8C-E03BB22ADAB3}.Debug|x86.Build.0 = Debug|Any CPU
		{A647A616-BDBE-47E4-8D8C-E03BB22ADAB3}.Release|Any CPU.ActiveCfg = Release|Any CPU
		{A647A616-BDBE-47E4-8D8C-E03BB22ADAB3}.Release|Any CPU.Build.0 = Release|Any CPU
		{A647A616-BDBE-47E4-8D8C-E03BB22ADAB3}.Release|x64.ActiveCfg = Release|Any CPU
		{A647A616-BDBE-47E4-8D8C-E03BB22ADAB3}.Release|x64.Build.0 = Release|Any CPU
		{A647A616-BDBE-47E4-8D8C-E03BB22ADAB3}.Release|x86.ActiveCfg = Release|Any CPU
		{A647A616-BDBE-47E4-8D8C-E03BB22ADAB3}.Release|x86.Build.0 = Release|Any CPU
		{B6595EC2-61AF-4EA8-8BAB-8EADDB1D1EF7}.Debug|Any CPU.ActiveCfg = Debug|Any CPU
		{B6595EC2-61AF-4EA8-8BAB-8EADDB1D1EF7}.Debug|Any CPU.Build.0 = Debug|Any CPU
		{B6595EC2-61AF-4EA8-8BAB-8EADDB1D1EF7}.Debug|x64.ActiveCfg = Debug|Any CPU
		{B6595EC2-61AF-4EA8-8BAB-8EADDB1D1EF7}.Debug|x64.Build.0 = Debug|Any CPU
		{B6595EC2-61AF-4EA8-8BAB-8EADDB1D1EF7}.Debug|x86.ActiveCfg = Debug|Any CPU
		{B6595EC2-61AF-4EA8-8BAB-8EADDB1D1EF7}.Debug|x86.Build.0 = Debug|Any CPU
		{B6595EC2-61AF-4EA8-8BAB-8EADDB1D1EF7}.Release|Any CPU.ActiveCfg = Release|Any CPU
		{B6595EC2-61AF-4EA8-8BAB-8EADDB1D1EF7}.Release|Any CPU.Build.0 = Release|Any CPU
		{B6595EC2-61AF-4EA8-8BAB-8EADDB1D1EF7}.Release|x64.ActiveCfg = Release|Any CPU
		{B6595EC2-61AF-4EA8-8BAB-8EADDB1D1EF7}.Release|x64.Build.0 = Release|Any CPU
		{B6595EC2-61AF-4EA8-8BAB-8EADDB1D1EF7}.Release|x86.ActiveCfg = Release|Any CPU
		{B6595EC2-61AF-4EA8-8BAB-8EADDB1D1EF7}.Release|x86.Build.0 = Release|Any CPU
	EndGlobalSection
EndGlobal
